// !$*UTF8*$!
{
	archiveVersion = 1;
	classes = {
	};
	objectVersion = 56;
	objects = {

/* Begin PBXBuildFile section */
		EEAB55AF2906D2A500EDB4E7 /* MarvelApp.swift in Sources */ = {isa = PBXBuildFile; fileRef = EEAB55AE2906D2A500EDB4E7 /* MarvelApp.swift */; };
		EEAB55B12906D2A500EDB4E7 /* ContentView.swift in Sources */ = {isa = PBXBuildFile; fileRef = EEAB55B02906D2A500EDB4E7 /* ContentView.swift */; };
		EEAB55B32906D2A800EDB4E7 /* Assets.xcassets in Resources */ = {isa = PBXBuildFile; fileRef = EEAB55B22906D2A800EDB4E7 /* Assets.xcassets */; };
		EEAB55B62906D2A800EDB4E7 /* Preview Assets.xcassets in Resources */ = {isa = PBXBuildFile; fileRef = EEAB55B52906D2A800EDB4E7 /* Preview Assets.xcassets */; };
		EEAB55C02906D2A900EDB4E7 /* MarvelTests.swift in Sources */ = {isa = PBXBuildFile; fileRef = EEAB55BF2906D2A900EDB4E7 /* MarvelTests.swift */; };
		EEAB55CA2906D2A900EDB4E7 /* MarvelUITests.swift in Sources */ = {isa = PBXBuildFile; fileRef = EEAB55C92906D2A900EDB4E7 /* MarvelUITests.swift */; };
		EEAB55CC2906D2A900EDB4E7 /* MarvelUITestsLaunchTests.swift in Sources */ = {isa = PBXBuildFile; fileRef = EEAB55CB2906D2A900EDB4E7 /* MarvelUITestsLaunchTests.swift */; };
		EEAB55DA2906D46800EDB4E7 /* LaunchScreen.storyboard in Resources */ = {isa = PBXBuildFile; fileRef = EEAB55D92906D46800EDB4E7 /* LaunchScreen.storyboard */; };
		EEAB55E32906D6E900EDB4E7 /* ResponseApi.swift in Sources */ = {isa = PBXBuildFile; fileRef = EEAB55E22906D6E900EDB4E7 /* ResponseApi.swift */; };
		EEAB55E52906D70800EDB4E7 /* CharacterApi.swift in Sources */ = {isa = PBXBuildFile; fileRef = EEAB55E42906D70800EDB4E7 /* CharacterApi.swift */; };
		EEAB55E72906D71B00EDB4E7 /* ComicApi.swift in Sources */ = {isa = PBXBuildFile; fileRef = EEAB55E62906D71B00EDB4E7 /* ComicApi.swift */; };
		EEAB55EB2906D74900EDB4E7 /* ThumbnailApi.swift in Sources */ = {isa = PBXBuildFile; fileRef = EEAB55EA2906D74900EDB4E7 /* ThumbnailApi.swift */; };
		EEAB55EF2906D86300EDB4E7 /* StorieApi.swift in Sources */ = {isa = PBXBuildFile; fileRef = EEAB55EE2906D86300EDB4E7 /* StorieApi.swift */; };
		EEAB55F32906D8C000EDB4E7 /* URLApi.swift in Sources */ = {isa = PBXBuildFile; fileRef = EEAB55F22906D8C000EDB4E7 /* URLApi.swift */; };
		EEAB55F52906DB5700EDB4E7 /* SerieApi.swift in Sources */ = {isa = PBXBuildFile; fileRef = EEAB55F42906DB5700EDB4E7 /* SerieApi.swift */; };
		EEAB56012906DCA400EDB4E7 /* CreatorApi.swift in Sources */ = {isa = PBXBuildFile; fileRef = EEAB56002906DCA400EDB4E7 /* CreatorApi.swift */; };
		EEAB56072906DE6600EDB4E7 /* BaseViewModel.swift in Sources */ = {isa = PBXBuildFile; fileRef = EEAB56062906DE6600EDB4E7 /* BaseViewModel.swift */; };
		EEAB560A2906DFA000EDB4E7 /* BaseData+State+Action.swift in Sources */ = {isa = PBXBuildFile; fileRef = EEAB56092906DFA000EDB4E7 /* BaseData+State+Action.swift */; };
		EEAB560D2906ED9000EDB4E7 /* CharactersViewModel.swift in Sources */ = {isa = PBXBuildFile; fileRef = EEAB560C2906ED9000EDB4E7 /* CharactersViewModel.swift */; };
		EEAB56102906EE2700EDB4E7 /* Character.swift in Sources */ = {isa = PBXBuildFile; fileRef = EEAB560F2906EE2700EDB4E7 /* Character.swift */; };
		EEAB56122906F60300EDB4E7 /* CharactersScreenView.swift in Sources */ = {isa = PBXBuildFile; fileRef = EEAB56112906F60300EDB4E7 /* CharactersScreenView.swift */; };
		EEAB56152906F78B00EDB4E7 /* CharacterItemView.swift in Sources */ = {isa = PBXBuildFile; fileRef = EEAB56142906F78B00EDB4E7 /* CharacterItemView.swift */; };
		EEAB56192906F89D00EDB4E7 /* Theme.swift in Sources */ = {isa = PBXBuildFile; fileRef = EEAB56182906F89D00EDB4E7 /* Theme.swift */; };
		EEAB561C2906F8D100EDB4E7 /* View+Ext.swift in Sources */ = {isa = PBXBuildFile; fileRef = EEAB561A2906F8D000EDB4E7 /* View+Ext.swift */; };
		EEAB561D2906F8D100EDB4E7 /* Font+Ext.swift in Sources */ = {isa = PBXBuildFile; fileRef = EEAB561B2906F8D000EDB4E7 /* Font+Ext.swift */; };
		EEAB562C290710E100EDB4E7 /* SerieItemView.swift in Sources */ = {isa = PBXBuildFile; fileRef = EEAB562B290710E100EDB4E7 /* SerieItemView.swift */; };
		EEAB562E290710F400EDB4E7 /* SerieScreenView.swift in Sources */ = {isa = PBXBuildFile; fileRef = EEAB562D290710F400EDB4E7 /* SerieScreenView.swift */; };
		EEAB56302907110800EDB4E7 /* SerieViewModel.swift in Sources */ = {isa = PBXBuildFile; fileRef = EEAB562F2907110800EDB4E7 /* SerieViewModel.swift */; };
		EEAB5634290719A600EDB4E7 /* Serie.swift in Sources */ = {isa = PBXBuildFile; fileRef = EEAB5633290719A600EDB4E7 /* Serie.swift */; };
		EEAB563829073D6A00EDB4E7 /* HeaderSerieView.swift in Sources */ = {isa = PBXBuildFile; fileRef = EEAB563729073D6A00EDB4E7 /* HeaderSerieView.swift */; };
		EEAB563A29073D8400EDB4E7 /* Marvel-Regular.ttf in Resources */ = {isa = PBXBuildFile; fileRef = EEAB563929073D8400EDB4E7 /* Marvel-Regular.ttf */; };
		EEAB563D29073D9300EDB4E7 /* RootViewModel.swift in Sources */ = {isa = PBXBuildFile; fileRef = EEAB563B29073D9300EDB4E7 /* RootViewModel.swift */; };
		EEAB563E29073D9300EDB4E7 /* RootView.swift in Sources */ = {isa = PBXBuildFile; fileRef = EEAB563C29073D9300EDB4E7 /* RootView.swift */; };
		EEAB564029073E2E00EDB4E7 /* ChacheAsyncImage.swift in Sources */ = {isa = PBXBuildFile; fileRef = EEAB563F29073E2E00EDB4E7 /* ChacheAsyncImage.swift */; };
		EEAB564529073E8E00EDB4E7 /* HttpMethod.swift in Sources */ = {isa = PBXBuildFile; fileRef = EEAB564129073E8D00EDB4E7 /* HttpMethod.swift */; };
		EEAB564629073E8E00EDB4E7 /* BaseService.swift in Sources */ = {isa = PBXBuildFile; fileRef = EEAB564229073E8D00EDB4E7 /* BaseService.swift */; };
		EEAB564729073E8E00EDB4E7 /* ApiError.swift in Sources */ = {isa = PBXBuildFile; fileRef = EEAB564329073E8D00EDB4E7 /* ApiError.swift */; };
		EEAB564829073E8E00EDB4E7 /* Endpoints.swift in Sources */ = {isa = PBXBuildFile; fileRef = EEAB564429073E8E00EDB4E7 /* Endpoints.swift */; };
		EEAB564A29073E9B00EDB4E7 /* Secret.swift in Sources */ = {isa = PBXBuildFile; fileRef = EEAB564929073E9B00EDB4E7 /* Secret.swift */; };
		EEAB564D29073EAD00EDB4E7 /* SeriesService.swift in Sources */ = {isa = PBXBuildFile; fileRef = EEAB564B29073EAD00EDB4E7 /* SeriesService.swift */; };
		EEAB564E29073EAD00EDB4E7 /* CharactersService.swift in Sources */ = {isa = PBXBuildFile; fileRef = EEAB564C29073EAD00EDB4E7 /* CharactersService.swift */; };
/* End PBXBuildFile section */

/* Begin PBXContainerItemProxy section */
		EEAB55BC2906D2A900EDB4E7 /* PBXContainerItemProxy */ = {
			isa = PBXContainerItemProxy;
			containerPortal = EEAB55A32906D2A500EDB4E7 /* Project object */;
			proxyType = 1;
			remoteGlobalIDString = EEAB55AA2906D2A500EDB4E7;
			remoteInfo = Marvel;
		};
		EEAB55C62906D2A900EDB4E7 /* PBXContainerItemProxy */ = {
			isa = PBXContainerItemProxy;
			containerPortal = EEAB55A32906D2A500EDB4E7 /* Project object */;
			proxyType = 1;
			remoteGlobalIDString = EEAB55AA2906D2A500EDB4E7;
			remoteInfo = Marvel;
		};
/* End PBXContainerItemProxy section */

/* Begin PBXFileReference section */
		EEAB55AB2906D2A500EDB4E7 /* Marvel.app */ = {isa = PBXFileReference; explicitFileType = wrapper.application; includeInIndex = 0; path = Marvel.app; sourceTree = BUILT_PRODUCTS_DIR; };
		EEAB55AE2906D2A500EDB4E7 /* MarvelApp.swift */ = {isa = PBXFileReference; lastKnownFileType = sourcecode.swift; path = MarvelApp.swift; sourceTree = "<group>"; };
		EEAB55B02906D2A500EDB4E7 /* ContentView.swift */ = {isa = PBXFileReference; lastKnownFileType = sourcecode.swift; path = ContentView.swift; sourceTree = "<group>"; };
		EEAB55B22906D2A800EDB4E7 /* Assets.xcassets */ = {isa = PBXFileReference; lastKnownFileType = folder.assetcatalog; path = Assets.xcassets; sourceTree = "<group>"; };
		EEAB55B52906D2A800EDB4E7 /* Preview Assets.xcassets */ = {isa = PBXFileReference; lastKnownFileType = folder.assetcatalog; path = "Preview Assets.xcassets"; sourceTree = "<group>"; };
		EEAB55BB2906D2A900EDB4E7 /* MarvelTests.xctest */ = {isa = PBXFileReference; explicitFileType = wrapper.cfbundle; includeInIndex = 0; path = MarvelTests.xctest; sourceTree = BUILT_PRODUCTS_DIR; };
		EEAB55BF2906D2A900EDB4E7 /* MarvelTests.swift */ = {isa = PBXFileReference; lastKnownFileType = sourcecode.swift; path = MarvelTests.swift; sourceTree = "<group>"; };
		EEAB55C52906D2A900EDB4E7 /* MarvelUITests.xctest */ = {isa = PBXFileReference; explicitFileType = wrapper.cfbundle; includeInIndex = 0; path = MarvelUITests.xctest; sourceTree = BUILT_PRODUCTS_DIR; };
		EEAB55C92906D2A900EDB4E7 /* MarvelUITests.swift */ = {isa = PBXFileReference; lastKnownFileType = sourcecode.swift; path = MarvelUITests.swift; sourceTree = "<group>"; };
		EEAB55CB2906D2A900EDB4E7 /* MarvelUITestsLaunchTests.swift */ = {isa = PBXFileReference; lastKnownFileType = sourcecode.swift; path = MarvelUITestsLaunchTests.swift; sourceTree = "<group>"; };
		EEAB55D92906D46800EDB4E7 /* LaunchScreen.storyboard */ = {isa = PBXFileReference; lastKnownFileType = file.storyboard; path = LaunchScreen.storyboard; sourceTree = "<group>"; };
		EEAB55E22906D6E900EDB4E7 /* ResponseApi.swift */ = {isa = PBXFileReference; lastKnownFileType = sourcecode.swift; path = ResponseApi.swift; sourceTree = "<group>"; };
		EEAB55E42906D70800EDB4E7 /* CharacterApi.swift */ = {isa = PBXFileReference; lastKnownFileType = sourcecode.swift; path = CharacterApi.swift; sourceTree = "<group>"; };
		EEAB55E62906D71B00EDB4E7 /* ComicApi.swift */ = {isa = PBXFileReference; lastKnownFileType = sourcecode.swift; path = ComicApi.swift; sourceTree = "<group>"; };
		EEAB55EA2906D74900EDB4E7 /* ThumbnailApi.swift */ = {isa = PBXFileReference; lastKnownFileType = sourcecode.swift; path = ThumbnailApi.swift; sourceTree = "<group>"; };
		EEAB55EE2906D86300EDB4E7 /* StorieApi.swift */ = {isa = PBXFileReference; lastKnownFileType = sourcecode.swift; path = StorieApi.swift; sourceTree = "<group>"; };
		EEAB55F22906D8C000EDB4E7 /* URLApi.swift */ = {isa = PBXFileReference; lastKnownFileType = sourcecode.swift; path = URLApi.swift; sourceTree = "<group>"; };
		EEAB55F42906DB5700EDB4E7 /* SerieApi.swift */ = {isa = PBXFileReference; lastKnownFileType = sourcecode.swift; path = SerieApi.swift; sourceTree = "<group>"; };
		EEAB56002906DCA400EDB4E7 /* CreatorApi.swift */ = {isa = PBXFileReference; lastKnownFileType = sourcecode.swift; path = CreatorApi.swift; sourceTree = "<group>"; };
		EEAB56062906DE6600EDB4E7 /* BaseViewModel.swift */ = {isa = PBXFileReference; lastKnownFileType = sourcecode.swift; path = BaseViewModel.swift; sourceTree = "<group>"; };
		EEAB56092906DFA000EDB4E7 /* BaseData+State+Action.swift */ = {isa = PBXFileReference; lastKnownFileType = sourcecode.swift; path = "BaseData+State+Action.swift"; sourceTree = "<group>"; };
		EEAB560C2906ED9000EDB4E7 /* CharactersViewModel.swift */ = {isa = PBXFileReference; lastKnownFileType = sourcecode.swift; path = CharactersViewModel.swift; sourceTree = "<group>"; };
		EEAB560F2906EE2700EDB4E7 /* Character.swift */ = {isa = PBXFileReference; lastKnownFileType = sourcecode.swift; path = Character.swift; sourceTree = "<group>"; };
		EEAB56112906F60300EDB4E7 /* CharactersScreenView.swift */ = {isa = PBXFileReference; lastKnownFileType = sourcecode.swift; path = CharactersScreenView.swift; sourceTree = "<group>"; };
		EEAB56142906F78B00EDB4E7 /* CharacterItemView.swift */ = {isa = PBXFileReference; fileEncoding = 4; lastKnownFileType = sourcecode.swift; path = CharacterItemView.swift; sourceTree = "<group>"; };
		EEAB56182906F89D00EDB4E7 /* Theme.swift */ = {isa = PBXFileReference; fileEncoding = 4; lastKnownFileType = sourcecode.swift; path = Theme.swift; sourceTree = "<group>"; };
		EEAB561A2906F8D000EDB4E7 /* View+Ext.swift */ = {isa = PBXFileReference; fileEncoding = 4; lastKnownFileType = sourcecode.swift; path = "View+Ext.swift"; sourceTree = "<group>"; };
		EEAB561B2906F8D000EDB4E7 /* Font+Ext.swift */ = {isa = PBXFileReference; fileEncoding = 4; lastKnownFileType = sourcecode.swift; path = "Font+Ext.swift"; sourceTree = "<group>"; };
		EEAB56292906FC7100EDB4E7 /* Info.plist */ = {isa = PBXFileReference; lastKnownFileType = text.plist; path = Info.plist; sourceTree = "<group>"; };
		EEAB562B290710E100EDB4E7 /* SerieItemView.swift */ = {isa = PBXFileReference; lastKnownFileType = sourcecode.swift; path = SerieItemView.swift; sourceTree = "<group>"; };
		EEAB562D290710F400EDB4E7 /* SerieScreenView.swift */ = {isa = PBXFileReference; lastKnownFileType = sourcecode.swift; path = SerieScreenView.swift; sourceTree = "<group>"; };
		EEAB562F2907110800EDB4E7 /* SerieViewModel.swift */ = {isa = PBXFileReference; lastKnownFileType = sourcecode.swift; path = SerieViewModel.swift; sourceTree = "<group>"; };
		EEAB5633290719A600EDB4E7 /* Serie.swift */ = {isa = PBXFileReference; lastKnownFileType = sourcecode.swift; path = Serie.swift; sourceTree = "<group>"; };
		EEAB563729073D6A00EDB4E7 /* HeaderSerieView.swift */ = {isa = PBXFileReference; fileEncoding = 4; lastKnownFileType = sourcecode.swift; path = HeaderSerieView.swift; sourceTree = "<group>"; };
		EEAB563929073D8400EDB4E7 /* Marvel-Regular.ttf */ = {isa = PBXFileReference; lastKnownFileType = file; path = "Marvel-Regular.ttf"; sourceTree = "<group>"; };
		EEAB563B29073D9300EDB4E7 /* RootViewModel.swift */ = {isa = PBXFileReference; fileEncoding = 4; lastKnownFileType = sourcecode.swift; path = RootViewModel.swift; sourceTree = "<group>"; };
		EEAB563C29073D9300EDB4E7 /* RootView.swift */ = {isa = PBXFileReference; fileEncoding = 4; lastKnownFileType = sourcecode.swift; path = RootView.swift; sourceTree = "<group>"; };
		EEAB563F29073E2E00EDB4E7 /* ChacheAsyncImage.swift */ = {isa = PBXFileReference; fileEncoding = 4; lastKnownFileType = sourcecode.swift; path = ChacheAsyncImage.swift; sourceTree = "<group>"; };
		EEAB564129073E8D00EDB4E7 /* HttpMethod.swift */ = {isa = PBXFileReference; fileEncoding = 4; lastKnownFileType = sourcecode.swift; path = HttpMethod.swift; sourceTree = "<group>"; };
		EEAB564229073E8D00EDB4E7 /* BaseService.swift */ = {isa = PBXFileReference; fileEncoding = 4; lastKnownFileType = sourcecode.swift; path = BaseService.swift; sourceTree = "<group>"; };
		EEAB564329073E8D00EDB4E7 /* ApiError.swift */ = {isa = PBXFileReference; fileEncoding = 4; lastKnownFileType = sourcecode.swift; path = ApiError.swift; sourceTree = "<group>"; };
		EEAB564429073E8E00EDB4E7 /* Endpoints.swift */ = {isa = PBXFileReference; fileEncoding = 4; lastKnownFileType = sourcecode.swift; path = Endpoints.swift; sourceTree = "<group>"; };
		EEAB564929073E9B00EDB4E7 /* Secret.swift */ = {isa = PBXFileReference; fileEncoding = 4; lastKnownFileType = sourcecode.swift; path = Secret.swift; sourceTree = "<group>"; };
		EEAB564B29073EAD00EDB4E7 /* SeriesService.swift */ = {isa = PBXFileReference; fileEncoding = 4; lastKnownFileType = sourcecode.swift; path = SeriesService.swift; sourceTree = "<group>"; };
		EEAB564C29073EAD00EDB4E7 /* CharactersService.swift */ = {isa = PBXFileReference; fileEncoding = 4; lastKnownFileType = sourcecode.swift; path = CharactersService.swift; sourceTree = "<group>"; };
/* End PBXFileReference section */

/* Begin PBXFrameworksBuildPhase section */
		EEAB55A82906D2A500EDB4E7 /* Frameworks */ = {
			isa = PBXFrameworksBuildPhase;
			buildActionMask = 2147483647;
			files = (
			);
			runOnlyForDeploymentPostprocessing = 0;
		};
		EEAB55B82906D2A900EDB4E7 /* Frameworks */ = {
			isa = PBXFrameworksBuildPhase;
			buildActionMask = 2147483647;
			files = (
			);
			runOnlyForDeploymentPostprocessing = 0;
		};
		EEAB55C22906D2A900EDB4E7 /* Frameworks */ = {
			isa = PBXFrameworksBuildPhase;
			buildActionMask = 2147483647;
			files = (
			);
			runOnlyForDeploymentPostprocessing = 0;
		};
/* End PBXFrameworksBuildPhase section */

/* Begin PBXGroup section */
		EEAB55A22906D2A500EDB4E7 = {
			isa = PBXGroup;
			children = (
				EEAB55AD2906D2A500EDB4E7 /* Marvel */,
				EEAB55BE2906D2A900EDB4E7 /* MarvelTests */,
				EEAB55C82906D2A900EDB4E7 /* MarvelUITests */,
				EEAB55AC2906D2A500EDB4E7 /* Products */,
			);
			sourceTree = "<group>";
		};
		EEAB55AC2906D2A500EDB4E7 /* Products */ = {
			isa = PBXGroup;
			children = (
				EEAB55AB2906D2A500EDB4E7 /* Marvel.app */,
				EEAB55BB2906D2A900EDB4E7 /* MarvelTests.xctest */,
				EEAB55C52906D2A900EDB4E7 /* MarvelUITests.xctest */,
			);
			name = Products;
			sourceTree = "<group>";
		};
		EEAB55AD2906D2A500EDB4E7 /* Marvel */ = {
			isa = PBXGroup;
			children = (
				EEAB56292906FC7100EDB4E7 /* Info.plist */,
				EEAB55DB2906D56000EDB4E7 /* Network */,
				EEAB55D82906D41200EDB4E7 /* Presentation */,
				EEAB55AE2906D2A500EDB4E7 /* MarvelApp.swift */,
				EEAB55B02906D2A500EDB4E7 /* ContentView.swift */,
				EEAB55B22906D2A800EDB4E7 /* Assets.xcassets */,
				EEAB55B42906D2A800EDB4E7 /* Preview Content */,
			);
			path = Marvel;
			sourceTree = "<group>";
		};
		EEAB55B42906D2A800EDB4E7 /* Preview Content */ = {
			isa = PBXGroup;
			children = (
				EEAB55B52906D2A800EDB4E7 /* Preview Assets.xcassets */,
			);
			path = "Preview Content";
			sourceTree = "<group>";
		};
		EEAB55BE2906D2A900EDB4E7 /* MarvelTests */ = {
			isa = PBXGroup;
			children = (
				EEAB55BF2906D2A900EDB4E7 /* MarvelTests.swift */,
			);
			path = MarvelTests;
			sourceTree = "<group>";
		};
		EEAB55C82906D2A900EDB4E7 /* MarvelUITests */ = {
			isa = PBXGroup;
			children = (
				EEAB55C92906D2A900EDB4E7 /* MarvelUITests.swift */,
				EEAB55CB2906D2A900EDB4E7 /* MarvelUITestsLaunchTests.swift */,
			);
			path = MarvelUITests;
			sourceTree = "<group>";
		};
		EEAB55D82906D41200EDB4E7 /* Presentation */ = {
			isa = PBXGroup;
			children = (
				EEAB56222906FA8D00EDB4E7 /* Root */,
				EEAB561F2906F8E400EDB4E7 /* Theme */,
				EEAB561E2906F8D800EDB4E7 /* Extension */,
				EEAB56132906F75100EDB4E7 /* Common */,
				EEAB560E2906EE1400EDB4E7 /* Models */,
				EEAB562A29070E5B00EDB4E7 /* Series */,
				EEAB560B2906EBF700EDB4E7 /* Characters */,
				EEAB56082906DF7B00EDB4E7 /* Base */,
				EEAB55D92906D46800EDB4E7 /* LaunchScreen.storyboard */,
			);
			path = Presentation;
			sourceTree = "<group>";
		};
		EEAB55DB2906D56000EDB4E7 /* Network */ = {
			isa = PBXGroup;
			children = (
				EEAB55DF2906D58900EDB4E7 /* Common */,
				EEAB55DE2906D58200EDB4E7 /* Crypto */,
				EEAB55DD2906D57900EDB4E7 /* Service */,
				EEAB55DC2906D56B00EDB4E7 /* Models */,
			);
			path = Network;
			sourceTree = "<group>";
		};
		EEAB55DC2906D56B00EDB4E7 /* Models */ = {
			isa = PBXGroup;
			children = (
				EEAB55E22906D6E900EDB4E7 /* ResponseApi.swift */,
				EEAB55E42906D70800EDB4E7 /* CharacterApi.swift */,
				EEAB55E62906D71B00EDB4E7 /* ComicApi.swift */,
				EEAB55EA2906D74900EDB4E7 /* ThumbnailApi.swift */,
				EEAB55EE2906D86300EDB4E7 /* StorieApi.swift */,
				EEAB55F22906D8C000EDB4E7 /* URLApi.swift */,
				EEAB55F42906DB5700EDB4E7 /* SerieApi.swift */,
				EEAB56002906DCA400EDB4E7 /* CreatorApi.swift */,
			);
			path = Models;
			sourceTree = "<group>";
		};
		EEAB55DD2906D57900EDB4E7 /* Service */ = {
			isa = PBXGroup;
			children = (
				EEAB564C29073EAD00EDB4E7 /* CharactersService.swift */,
				EEAB564B29073EAD00EDB4E7 /* SeriesService.swift */,
			);
			path = Service;
			sourceTree = "<group>";
		};
		EEAB55DE2906D58200EDB4E7 /* Crypto */ = {
			isa = PBXGroup;
			children = (
				EEAB564929073E9B00EDB4E7 /* Secret.swift */,
			);
			path = Crypto;
			sourceTree = "<group>";
		};
		EEAB55DF2906D58900EDB4E7 /* Common */ = {
			isa = PBXGroup;
			children = (
				EEAB564329073E8D00EDB4E7 /* ApiError.swift */,
				EEAB564229073E8D00EDB4E7 /* BaseService.swift */,
				EEAB564429073E8E00EDB4E7 /* Endpoints.swift */,
				EEAB564129073E8D00EDB4E7 /* HttpMethod.swift */,
			);
			path = Common;
			sourceTree = "<group>";
		};
		EEAB56082906DF7B00EDB4E7 /* Base */ = {
			isa = PBXGroup;
			children = (
				EEAB56062906DE6600EDB4E7 /* BaseViewModel.swift */,
				EEAB56092906DFA000EDB4E7 /* BaseData+State+Action.swift */,
			);
			path = Base;
			sourceTree = "<group>";
		};
		EEAB560B2906EBF700EDB4E7 /* Characters */ = {
			isa = PBXGroup;
			children = (
				EEAB56142906F78B00EDB4E7 /* CharacterItemView.swift */,
				EEAB560C2906ED9000EDB4E7 /* CharactersViewModel.swift */,
				EEAB56112906F60300EDB4E7 /* CharactersScreenView.swift */,
			);
			path = Characters;
			sourceTree = "<group>";
		};
		EEAB560E2906EE1400EDB4E7 /* Models */ = {
			isa = PBXGroup;
			children = (
				EEAB560F2906EE2700EDB4E7 /* Character.swift */,
				EEAB5633290719A600EDB4E7 /* Serie.swift */,
			);
			path = Models;
			sourceTree = "<group>";
		};
		EEAB56132906F75100EDB4E7 /* Common */ = {
			isa = PBXGroup;
			children = (
				EEAB563F29073E2E00EDB4E7 /* ChacheAsyncImage.swift */,
			);
			path = Common;
			sourceTree = "<group>";
		};
		EEAB561E2906F8D800EDB4E7 /* Extension */ = {
			isa = PBXGroup;
			children = (
				EEAB561B2906F8D000EDB4E7 /* Font+Ext.swift */,
				EEAB561A2906F8D000EDB4E7 /* View+Ext.swift */,
			);
			path = Extension;
			sourceTree = "<group>";
		};
		EEAB561F2906F8E400EDB4E7 /* Theme */ = {
			isa = PBXGroup;
			children = (
				EEAB563929073D8400EDB4E7 /* Marvel-Regular.ttf */,
				EEAB56182906F89D00EDB4E7 /* Theme.swift */,
			);
			path = Theme;
			sourceTree = "<group>";
		};
		EEAB56222906FA8D00EDB4E7 /* Root */ = {
			isa = PBXGroup;
			children = (
				EEAB563C29073D9300EDB4E7 /* RootView.swift */,
				EEAB563B29073D9300EDB4E7 /* RootViewModel.swift */,
			);
			path = Root;
			sourceTree = "<group>";
		};
		EEAB562A29070E5B00EDB4E7 /* Series */ = {
			isa = PBXGroup;
			children = (
				EEAB563729073D6A00EDB4E7 /* HeaderSerieView.swift */,
				EEAB562B290710E100EDB4E7 /* SerieItemView.swift */,
				EEAB562D290710F400EDB4E7 /* SerieScreenView.swift */,
				EEAB562F2907110800EDB4E7 /* SerieViewModel.swift */,
			);
			path = Series;
			sourceTree = "<group>";
		};
/* End PBXGroup section */

/* Begin PBXNativeTarget section */
		EEAB55AA2906D2A500EDB4E7 /* Marvel */ = {
			isa = PBXNativeTarget;
			buildConfigurationList = EEAB55CF2906D2A900EDB4E7 /* Build configuration list for PBXNativeTarget "Marvel" */;
			buildPhases = (
				EEAB55A72906D2A500EDB4E7 /* Sources */,
				EEAB55A82906D2A500EDB4E7 /* Frameworks */,
				EEAB55A92906D2A500EDB4E7 /* Resources */,
			);
			buildRules = (
			);
			dependencies = (
			);
			name = Marvel;
			productName = Marvel;
			productReference = EEAB55AB2906D2A500EDB4E7 /* Marvel.app */;
			productType = "com.apple.product-type.application";
		};
		EEAB55BA2906D2A900EDB4E7 /* MarvelTests */ = {
			isa = PBXNativeTarget;
			buildConfigurationList = EEAB55D22906D2A900EDB4E7 /* Build configuration list for PBXNativeTarget "MarvelTests" */;
			buildPhases = (
				EEAB55B72906D2A900EDB4E7 /* Sources */,
				EEAB55B82906D2A900EDB4E7 /* Frameworks */,
				EEAB55B92906D2A900EDB4E7 /* Resources */,
			);
			buildRules = (
			);
			dependencies = (
				EEAB55BD2906D2A900EDB4E7 /* PBXTargetDependency */,
			);
			name = MarvelTests;
			productName = MarvelTests;
			productReference = EEAB55BB2906D2A900EDB4E7 /* MarvelTests.xctest */;
			productType = "com.apple.product-type.bundle.unit-test";
		};
		EEAB55C42906D2A900EDB4E7 /* MarvelUITests */ = {
			isa = PBXNativeTarget;
			buildConfigurationList = EEAB55D52906D2A900EDB4E7 /* Build configuration list for PBXNativeTarget "MarvelUITests" */;
			buildPhases = (
				EEAB55C12906D2A900EDB4E7 /* Sources */,
				EEAB55C22906D2A900EDB4E7 /* Frameworks */,
				EEAB55C32906D2A900EDB4E7 /* Resources */,
			);
			buildRules = (
			);
			dependencies = (
				EEAB55C72906D2A900EDB4E7 /* PBXTargetDependency */,
			);
			name = MarvelUITests;
			productName = MarvelUITests;
			productReference = EEAB55C52906D2A900EDB4E7 /* MarvelUITests.xctest */;
			productType = "com.apple.product-type.bundle.ui-testing";
		};
/* End PBXNativeTarget section */

/* Begin PBXProject section */
		EEAB55A32906D2A500EDB4E7 /* Project object */ = {
			isa = PBXProject;
			attributes = {
				BuildIndependentTargetsInParallel = 1;
				LastSwiftUpdateCheck = 1400;
				LastUpgradeCheck = 1400;
				TargetAttributes = {
					EEAB55AA2906D2A500EDB4E7 = {
						CreatedOnToolsVersion = 14.0.1;
					};
					EEAB55BA2906D2A900EDB4E7 = {
						CreatedOnToolsVersion = 14.0.1;
						TestTargetID = EEAB55AA2906D2A500EDB4E7;
					};
					EEAB55C42906D2A900EDB4E7 = {
						CreatedOnToolsVersion = 14.0.1;
						TestTargetID = EEAB55AA2906D2A500EDB4E7;
					};
				};
			};
			buildConfigurationList = EEAB55A62906D2A500EDB4E7 /* Build configuration list for PBXProject "Marvel" */;
			compatibilityVersion = "Xcode 14.0";
			developmentRegion = en;
			hasScannedForEncodings = 0;
			knownRegions = (
				en,
				Base,
			);
			mainGroup = EEAB55A22906D2A500EDB4E7;
			productRefGroup = EEAB55AC2906D2A500EDB4E7 /* Products */;
			projectDirPath = "";
			projectRoot = "";
			targets = (
				EEAB55AA2906D2A500EDB4E7 /* Marvel */,
				EEAB55BA2906D2A900EDB4E7 /* MarvelTests */,
				EEAB55C42906D2A900EDB4E7 /* MarvelUITests */,
			);
		};
/* End PBXProject section */

/* Begin PBXResourcesBuildPhase section */
		EEAB55A92906D2A500EDB4E7 /* Resources */ = {
			isa = PBXResourcesBuildPhase;
			buildActionMask = 2147483647;
			files = (
				EEAB563A29073D8400EDB4E7 /* Marvel-Regular.ttf in Resources */,
				EEAB55DA2906D46800EDB4E7 /* LaunchScreen.storyboard in Resources */,
				EEAB55B62906D2A800EDB4E7 /* Preview Assets.xcassets in Resources */,
				EEAB55B32906D2A800EDB4E7 /* Assets.xcassets in Resources */,
			);
			runOnlyForDeploymentPostprocessing = 0;
		};
		EEAB55B92906D2A900EDB4E7 /* Resources */ = {
			isa = PBXResourcesBuildPhase;
			buildActionMask = 2147483647;
			files = (
			);
			runOnlyForDeploymentPostprocessing = 0;
		};
		EEAB55C32906D2A900EDB4E7 /* Resources */ = {
			isa = PBXResourcesBuildPhase;
			buildActionMask = 2147483647;
			files = (
			);
			runOnlyForDeploymentPostprocessing = 0;
		};
/* End PBXResourcesBuildPhase section */

/* Begin PBXSourcesBuildPhase section */
		EEAB55A72906D2A500EDB4E7 /* Sources */ = {
			isa = PBXSourcesBuildPhase;
			buildActionMask = 2147483647;
			files = (
				EEAB55EF2906D86300EDB4E7 /* StorieApi.swift in Sources */,
				EEAB564A29073E9B00EDB4E7 /* Secret.swift in Sources */,
				EEAB563829073D6A00EDB4E7 /* HeaderSerieView.swift in Sources */,
				EEAB562E290710F400EDB4E7 /* SerieScreenView.swift in Sources */,
				EEAB560D2906ED9000EDB4E7 /* CharactersViewModel.swift in Sources */,
				EEAB55EB2906D74900EDB4E7 /* ThumbnailApi.swift in Sources */,
				EEAB564629073E8E00EDB4E7 /* BaseService.swift in Sources */,
				EEAB564E29073EAD00EDB4E7 /* CharactersService.swift in Sources */,
				EEAB56122906F60300EDB4E7 /* CharactersScreenView.swift in Sources */,
				EEAB564D29073EAD00EDB4E7 /* SeriesService.swift in Sources */,
				EEAB56072906DE6600EDB4E7 /* BaseViewModel.swift in Sources */,
				EEAB564729073E8E00EDB4E7 /* ApiError.swift in Sources */,
				EEAB55E52906D70800EDB4E7 /* CharacterApi.swift in Sources */,
				EEAB55B12906D2A500EDB4E7 /* ContentView.swift in Sources */,
				EEAB564829073E8E00EDB4E7 /* Endpoints.swift in Sources */,
				EEAB56102906EE2700EDB4E7 /* Character.swift in Sources */,
				EEAB55F32906D8C000EDB4E7 /* URLApi.swift in Sources */,
				EEAB56192906F89D00EDB4E7 /* Theme.swift in Sources */,
				EEAB563D29073D9300EDB4E7 /* RootViewModel.swift in Sources */,
				EEAB564029073E2E00EDB4E7 /* ChacheAsyncImage.swift in Sources */,
				EEAB564529073E8E00EDB4E7 /* HttpMethod.swift in Sources */,
				EEAB5634290719A600EDB4E7 /* Serie.swift in Sources */,
				EEAB55E32906D6E900EDB4E7 /* ResponseApi.swift in Sources */,
				EEAB562C290710E100EDB4E7 /* SerieItemView.swift in Sources */,
				EEAB561D2906F8D100EDB4E7 /* Font+Ext.swift in Sources */,
				EEAB560A2906DFA000EDB4E7 /* BaseData+State+Action.swift in Sources */,
				EEAB56302907110800EDB4E7 /* SerieViewModel.swift in Sources */,
				EEAB56012906DCA400EDB4E7 /* CreatorApi.swift in Sources */,
				EEAB56152906F78B00EDB4E7 /* CharacterItemView.swift in Sources */,
				EEAB55F52906DB5700EDB4E7 /* SerieApi.swift in Sources */,
				EEAB563E29073D9300EDB4E7 /* RootView.swift in Sources */,
				EEAB55E72906D71B00EDB4E7 /* ComicApi.swift in Sources */,
				EEAB561C2906F8D100EDB4E7 /* View+Ext.swift in Sources */,
				EEAB55AF2906D2A500EDB4E7 /* MarvelApp.swift in Sources */,
			);
			runOnlyForDeploymentPostprocessing = 0;
		};
		EEAB55B72906D2A900EDB4E7 /* Sources */ = {
			isa = PBXSourcesBuildPhase;
			buildActionMask = 2147483647;
			files = (
				EEAB55C02906D2A900EDB4E7 /* MarvelTests.swift in Sources */,
			);
			runOnlyForDeploymentPostprocessing = 0;
		};
		EEAB55C12906D2A900EDB4E7 /* Sources */ = {
			isa = PBXSourcesBuildPhase;
			buildActionMask = 2147483647;
			files = (
				EEAB55CA2906D2A900EDB4E7 /* MarvelUITests.swift in Sources */,
				EEAB55CC2906D2A900EDB4E7 /* MarvelUITestsLaunchTests.swift in Sources */,
			);
			runOnlyForDeploymentPostprocessing = 0;
		};
/* End PBXSourcesBuildPhase section */

/* Begin PBXTargetDependency section */
		EEAB55BD2906D2A900EDB4E7 /* PBXTargetDependency */ = {
			isa = PBXTargetDependency;
			target = EEAB55AA2906D2A500EDB4E7 /* Marvel */;
			targetProxy = EEAB55BC2906D2A900EDB4E7 /* PBXContainerItemProxy */;
		};
		EEAB55C72906D2A900EDB4E7 /* PBXTargetDependency */ = {
			isa = PBXTargetDependency;
			target = EEAB55AA2906D2A500EDB4E7 /* Marvel */;
			targetProxy = EEAB55C62906D2A900EDB4E7 /* PBXContainerItemProxy */;
		};
/* End PBXTargetDependency section */

/* Begin XCBuildConfiguration section */
		EEAB55CD2906D2A900EDB4E7 /* Debug */ = {
			isa = XCBuildConfiguration;
			buildSettings = {
				ALWAYS_SEARCH_USER_PATHS = NO;
				CLANG_ANALYZER_NONNULL = YES;
				CLANG_ANALYZER_NUMBER_OBJECT_CONVERSION = YES_AGGRESSIVE;
				CLANG_CXX_LANGUAGE_STANDARD = "gnu++20";
				CLANG_ENABLE_MODULES = YES;
				CLANG_ENABLE_OBJC_ARC = YES;
				CLANG_ENABLE_OBJC_WEAK = YES;
				CLANG_WARN_BLOCK_CAPTURE_AUTORELEASING = YES;
				CLANG_WARN_BOOL_CONVERSION = YES;
				CLANG_WARN_COMMA = YES;
				CLANG_WARN_CONSTANT_CONVERSION = YES;
				CLANG_WARN_DEPRECATED_OBJC_IMPLEMENTATIONS = YES;
				CLANG_WARN_DIRECT_OBJC_ISA_USAGE = YES_ERROR;
				CLANG_WARN_DOCUMENTATION_COMMENTS = YES;
				CLANG_WARN_EMPTY_BODY = YES;
				CLANG_WARN_ENUM_CONVERSION = YES;
				CLANG_WARN_INFINITE_RECURSION = YES;
				CLANG_WARN_INT_CONVERSION = YES;
				CLANG_WARN_NON_LITERAL_NULL_CONVERSION = YES;
				CLANG_WARN_OBJC_IMPLICIT_RETAIN_SELF = YES;
				CLANG_WARN_OBJC_LITERAL_CONVERSION = YES;
				CLANG_WARN_OBJC_ROOT_CLASS = YES_ERROR;
				CLANG_WARN_QUOTED_INCLUDE_IN_FRAMEWORK_HEADER = YES;
				CLANG_WARN_RANGE_LOOP_ANALYSIS = YES;
				CLANG_WARN_STRICT_PROTOTYPES = YES;
				CLANG_WARN_SUSPICIOUS_MOVE = YES;
				CLANG_WARN_UNGUARDED_AVAILABILITY = YES_AGGRESSIVE;
				CLANG_WARN_UNREACHABLE_CODE = YES;
				CLANG_WARN__DUPLICATE_METHOD_MATCH = YES;
				COPY_PHASE_STRIP = NO;
				DEBUG_INFORMATION_FORMAT = dwarf;
				ENABLE_STRICT_OBJC_MSGSEND = YES;
				ENABLE_TESTABILITY = YES;
				GCC_C_LANGUAGE_STANDARD = gnu11;
				GCC_DYNAMIC_NO_PIC = NO;
				GCC_NO_COMMON_BLOCKS = YES;
				GCC_OPTIMIZATION_LEVEL = 0;
				GCC_PREPROCESSOR_DEFINITIONS = (
					"DEBUG=1",
					"$(inherited)",
				);
				GCC_WARN_64_TO_32_BIT_CONVERSION = YES;
				GCC_WARN_ABOUT_RETURN_TYPE = YES_ERROR;
				GCC_WARN_UNDECLARED_SELECTOR = YES;
				GCC_WARN_UNINITIALIZED_AUTOS = YES_AGGRESSIVE;
				GCC_WARN_UNUSED_FUNCTION = YES;
				GCC_WARN_UNUSED_VARIABLE = YES;
				IPHONEOS_DEPLOYMENT_TARGET = 16.0;
				MTL_ENABLE_DEBUG_INFO = INCLUDE_SOURCE;
				MTL_FAST_MATH = YES;
				ONLY_ACTIVE_ARCH = YES;
				SDKROOT = iphoneos;
				SWIFT_ACTIVE_COMPILATION_CONDITIONS = DEBUG;
				SWIFT_OPTIMIZATION_LEVEL = "-Onone";
			};
			name = Debug;
		};
		EEAB55CE2906D2A900EDB4E7 /* Release */ = {
			isa = XCBuildConfiguration;
			buildSettings = {
				ALWAYS_SEARCH_USER_PATHS = NO;
				CLANG_ANALYZER_NONNULL = YES;
				CLANG_ANALYZER_NUMBER_OBJECT_CONVERSION = YES_AGGRESSIVE;
				CLANG_CXX_LANGUAGE_STANDARD = "gnu++20";
				CLANG_ENABLE_MODULES = YES;
				CLANG_ENABLE_OBJC_ARC = YES;
				CLANG_ENABLE_OBJC_WEAK = YES;
				CLANG_WARN_BLOCK_CAPTURE_AUTORELEASING = YES;
				CLANG_WARN_BOOL_CONVERSION = YES;
				CLANG_WARN_COMMA = YES;
				CLANG_WARN_CONSTANT_CONVERSION = YES;
				CLANG_WARN_DEPRECATED_OBJC_IMPLEMENTATIONS = YES;
				CLANG_WARN_DIRECT_OBJC_ISA_USAGE = YES_ERROR;
				CLANG_WARN_DOCUMENTATION_COMMENTS = YES;
				CLANG_WARN_EMPTY_BODY = YES;
				CLANG_WARN_ENUM_CONVERSION = YES;
				CLANG_WARN_INFINITE_RECURSION = YES;
				CLANG_WARN_INT_CONVERSION = YES;
				CLANG_WARN_NON_LITERAL_NULL_CONVERSION = YES;
				CLANG_WARN_OBJC_IMPLICIT_RETAIN_SELF = YES;
				CLANG_WARN_OBJC_LITERAL_CONVERSION = YES;
				CLANG_WARN_OBJC_ROOT_CLASS = YES_ERROR;
				CLANG_WARN_QUOTED_INCLUDE_IN_FRAMEWORK_HEADER = YES;
				CLANG_WARN_RANGE_LOOP_ANALYSIS = YES;
				CLANG_WARN_STRICT_PROTOTYPES = YES;
				CLANG_WARN_SUSPICIOUS_MOVE = YES;
				CLANG_WARN_UNGUARDED_AVAILABILITY = YES_AGGRESSIVE;
				CLANG_WARN_UNREACHABLE_CODE = YES;
				CLANG_WARN__DUPLICATE_METHOD_MATCH = YES;
				COPY_PHASE_STRIP = NO;
				DEBUG_INFORMATION_FORMAT = "dwarf-with-dsym";
				ENABLE_NS_ASSERTIONS = NO;
				ENABLE_STRICT_OBJC_MSGSEND = YES;
				GCC_C_LANGUAGE_STANDARD = gnu11;
				GCC_NO_COMMON_BLOCKS = YES;
				GCC_WARN_64_TO_32_BIT_CONVERSION = YES;
				GCC_WARN_ABOUT_RETURN_TYPE = YES_ERROR;
				GCC_WARN_UNDECLARED_SELECTOR = YES;
				GCC_WARN_UNINITIALIZED_AUTOS = YES_AGGRESSIVE;
				GCC_WARN_UNUSED_FUNCTION = YES;
				GCC_WARN_UNUSED_VARIABLE = YES;
				IPHONEOS_DEPLOYMENT_TARGET = 16.0;
				MTL_ENABLE_DEBUG_INFO = NO;
				MTL_FAST_MATH = YES;
				SDKROOT = iphoneos;
				SWIFT_COMPILATION_MODE = wholemodule;
				SWIFT_OPTIMIZATION_LEVEL = "-O";
				VALIDATE_PRODUCT = YES;
			};
			name = Release;
		};
		EEAB55D02906D2A900EDB4E7 /* Debug */ = {
			isa = XCBuildConfiguration;
			buildSettings = {
				ASSETCATALOG_COMPILER_APPICON_NAME = AppIcon;
				ASSETCATALOG_COMPILER_GLOBAL_ACCENT_COLOR_NAME = AccentColor;
				CODE_SIGN_STYLE = Automatic;
				CURRENT_PROJECT_VERSION = 1;
				DEVELOPMENT_ASSET_PATHS = "\"Marvel/Preview Content\"";
				ENABLE_PREVIEWS = YES;
				GENERATE_INFOPLIST_FILE = YES;
				INFOPLIST_FILE = Marvel/Info.plist;
				INFOPLIST_KEY_UIApplicationSceneManifest_Generation = YES;
				INFOPLIST_KEY_UIApplicationSupportsIndirectInputEvents = YES;
				INFOPLIST_KEY_UILaunchScreen_Generation = YES;
				INFOPLIST_KEY_UILaunchStoryboardName = LaunchScreen;
				INFOPLIST_KEY_UISupportedInterfaceOrientations_iPad = "UIInterfaceOrientationPortrait UIInterfaceOrientationPortraitUpsideDown UIInterfaceOrientationLandscapeLeft UIInterfaceOrientationLandscapeRight";
				INFOPLIST_KEY_UISupportedInterfaceOrientations_iPhone = "UIInterfaceOrientationPortrait UIInterfaceOrientationLandscapeLeft UIInterfaceOrientationLandscapeRight";
				LD_RUNPATH_SEARCH_PATHS = (
					"$(inherited)",
					"@executable_path/Frameworks",
				);
				MARKETING_VERSION = 1.0;
				PRODUCT_BUNDLE_IDENTIFIER = com.valoy.Marvel;
				PRODUCT_NAME = "$(TARGET_NAME)";
				SWIFT_EMIT_LOC_STRINGS = YES;
				SWIFT_VERSION = 5.0;
				TARGETED_DEVICE_FAMILY = "1,2";
			};
			name = Debug;
		};
		EEAB55D12906D2A900EDB4E7 /* Release */ = {
			isa = XCBuildConfiguration;
			buildSettings = {
				ASSETCATALOG_COMPILER_APPICON_NAME = AppIcon;
				ASSETCATALOG_COMPILER_GLOBAL_ACCENT_COLOR_NAME = AccentColor;
				CODE_SIGN_STYLE = Automatic;
				CURRENT_PROJECT_VERSION = 1;
				DEVELOPMENT_ASSET_PATHS = "\"Marvel/Preview Content\"";
				ENABLE_PREVIEWS = YES;
				GENERATE_INFOPLIST_FILE = YES;
				INFOPLIST_FILE = Marvel/Info.plist;
				INFOPLIST_KEY_UIApplicationSceneManifest_Generation = YES;
				INFOPLIST_KEY_UIApplicationSupportsIndirectInputEvents = YES;
				INFOPLIST_KEY_UILaunchScreen_Generation = YES;
				INFOPLIST_KEY_UILaunchStoryboardName = LaunchScreen;
				INFOPLIST_KEY_UISupportedInterfaceOrientations_iPad = "UIInterfaceOrientationPortrait UIInterfaceOrientationPortraitUpsideDown UIInterfaceOrientationLandscapeLeft UIInterfaceOrientationLandscapeRight";
				INFOPLIST_KEY_UISupportedInterfaceOrientations_iPhone = "UIInterfaceOrientationPortrait UIInterfaceOrientationLandscapeLeft UIInterfaceOrientationLandscapeRight";
				LD_RUNPATH_SEARCH_PATHS = (
					"$(inherited)",
					"@executable_path/Frameworks",
				);
				MARKETING_VERSION = 1.0;
				PRODUCT_BUNDLE_IDENTIFIER = com.valoy.Marvel;
				PRODUCT_NAME = "$(TARGET_NAME)";
				SWIFT_EMIT_LOC_STRINGS = YES;
				SWIFT_VERSION = 5.0;
				TARGETED_DEVICE_FAMILY = "1,2";
			};
			name = Release;
		};
		EEAB55D32906D2A900EDB4E7 /* Debug */ = {
			isa = XCBuildConfiguration;
			buildSettings = {
				ALWAYS_EMBED_SWIFT_STANDARD_LIBRARIES = YES;
				BUNDLE_LOADER = "$(TEST_HOST)";
				CODE_SIGN_STYLE = Automatic;
				CURRENT_PROJECT_VERSION = 1;
				GENERATE_INFOPLIST_FILE = YES;
				IPHONEOS_DEPLOYMENT_TARGET = 16.0;
				MARKETING_VERSION = 1.0;
				PRODUCT_BUNDLE_IDENTIFIER = com.valoy.MarvelTests;
				PRODUCT_NAME = "$(TARGET_NAME)";
				SWIFT_EMIT_LOC_STRINGS = NO;
				SWIFT_VERSION = 5.0;
				TARGETED_DEVICE_FAMILY = "1,2";
				TEST_HOST = "$(BUILT_PRODUCTS_DIR)/Marvel.app/$(BUNDLE_EXECUTABLE_FOLDER_PATH)/Marvel";
			};
			name = Debug;
		};
		EEAB55D42906D2A900EDB4E7 /* Release */ = {
			isa = XCBuildConfiguration;
			buildSettings = {
				ALWAYS_EMBED_SWIFT_STANDARD_LIBRARIES = YES;
				BUNDLE_LOADER = "$(TEST_HOST)";
				CODE_SIGN_STYLE = Automatic;
				CURRENT_PROJECT_VERSION = 1;
				GENERATE_INFOPLIST_FILE = YES;
				IPHONEOS_DEPLOYMENT_TARGET = 16.0;
				MARKETING_VERSION = 1.0;
				PRODUCT_BUNDLE_IDENTIFIER = com.valoy.MarvelTests;
				PRODUCT_NAME = "$(TARGET_NAME)";
				SWIFT_EMIT_LOC_STRINGS = NO;
				SWIFT_VERSION = 5.0;
				TARGETED_DEVICE_FAMILY = "1,2";
				TEST_HOST = "$(BUILT_PRODUCTS_DIR)/Marvel.app/$(BUNDLE_EXECUTABLE_FOLDER_PATH)/Marvel";
			};
			name = Release;
		};
		EEAB55D62906D2A900EDB4E7 /* Debug */ = {
			isa = XCBuildConfiguration;
			buildSettings = {
				ALWAYS_EMBED_SWIFT_STANDARD_LIBRARIES = YES;
				CODE_SIGN_STYLE = Automatic;
				CURRENT_PROJECT_VERSION = 1;
				GENERATE_INFOPLIST_FILE = YES;
				MARKETING_VERSION = 1.0;
				PRODUCT_BUNDLE_IDENTIFIER = com.valoy.MarvelUITests;
				PRODUCT_NAME = "$(TARGET_NAME)";
				SWIFT_EMIT_LOC_STRINGS = NO;
				SWIFT_VERSION = 5.0;
				TARGETED_DEVICE_FAMILY = "1,2";
				TEST_TARGET_NAME = Marvel;
			};
			name = Debug;
		};
		EEAB55D72906D2A900EDB4E7 /* Release */ = {
			isa = XCBuildConfiguration;
			buildSettings = {
				ALWAYS_EMBED_SWIFT_STANDARD_LIBRARIES = YES;
				CODE_SIGN_STYLE = Automatic;
				CURRENT_PROJECT_VERSION = 1;
				GENERATE_INFOPLIST_FILE = YES;
				MARKETING_VERSION = 1.0;
				PRODUCT_BUNDLE_IDENTIFIER = com.valoy.MarvelUITests;
				PRODUCT_NAME = "$(TARGET_NAME)";
				SWIFT_EMIT_LOC_STRINGS = NO;
				SWIFT_VERSION = 5.0;
				TARGETED_DEVICE_FAMILY = "1,2";
				TEST_TARGET_NAME = Marvel;
			};
			name = Release;
		};
/* End XCBuildConfiguration section */

/* Begin XCConfigurationList section */
		EEAB55A62906D2A500EDB4E7 /* Build configuration list for PBXProject "Marvel" */ = {
			isa = XCConfigurationList;
			buildConfigurations = (
				EEAB55CD2906D2A900EDB4E7 /* Debug */,
				EEAB55CE2906D2A900EDB4E7 /* Release */,
			);
			defaultConfigurationIsVisible = 0;
			defaultConfigurationName = Release;
		};
		EEAB55CF2906D2A900EDB4E7 /* Build configuration list for PBXNativeTarget "Marvel" */ = {
			isa = XCConfigurationList;
			buildConfigurations = (
				EEAB55D02906D2A900EDB4E7 /* Debug */,
				EEAB55D12906D2A900EDB4E7 /* Release */,
			);
			defaultConfigurationIsVisible = 0;
			defaultConfigurationName = Release;
		};
		EEAB55D22906D2A900EDB4E7 /* Build configuration list for PBXNativeTarget "MarvelTests" */ = {
			isa = XCConfigurationList;
			buildConfigurations = (
				EEAB55D32906D2A900EDB4E7 /* Debug */,
				EEAB55D42906D2A900EDB4E7 /* Release */,
			);
			defaultConfigurationIsVisible = 0;
			defaultConfigurationName = Release;
		};
		EEAB55D52906D2A900EDB4E7 /* Build configuration list for PBXNativeTarget "MarvelUITests" */ = {
			isa = XCConfigurationList;
			buildConfigurations = (
				EEAB55D62906D2A900EDB4E7 /* Debug */,
				EEAB55D72906D2A900EDB4E7 /* Release */,
			);
			defaultConfigurationIsVisible = 0;
			defaultConfigurationName = Release;
		};
/* End XCConfigurationList section */
	};
	rootObject = EEAB55A32906D2A500EDB4E7 /* Project object */;
}
